// !$*UTF8*$!
{
	archiveVersion = 1;
	classes = {
	};
	objectVersion = 46;
	objects = {

/* Begin PBXBuildFile section */
		8BEDCE761E121AA600943D13 /* AppDelegate.swift in Sources */ = {isa = PBXBuildFile; fileRef = 8BEDCE751E121AA600943D13 /* AppDelegate.swift */; };
		8BEDCE811E121AA600943D13 /* Main.storyboard in Resources */ = {isa = PBXBuildFile; fileRef = 8BEDCE7F1E121AA600943D13 /* Main.storyboard */; };
		8BEDCE831E121AA600943D13 /* Assets.xcassets in Resources */ = {isa = PBXBuildFile; fileRef = 8BEDCE821E121AA600943D13 /* Assets.xcassets */; };
		8BEDCE861E121AA600943D13 /* LaunchScreen.storyboard in Resources */ = {isa = PBXBuildFile; fileRef = 8BEDCE841E121AA600943D13 /* LaunchScreen.storyboard */; };
		8BEDCE8E1E121B5C00943D13 /* ZSViewController.swift in Sources */ = {isa = PBXBuildFile; fileRef = 8BEDCE8D1E121B5C00943D13 /* ZSViewController.swift */; };
		8BEDCE901E121C6400943D13 /* ZSHelloscene.swift in Sources */ = {isa = PBXBuildFile; fileRef = 8BEDCE8F1E121C6400943D13 /* ZSHelloscene.swift */; };
		8BEDCE921E123CEA00943D13 /* spaceshipScene.swift in Sources */ = {isa = PBXBuildFile; fileRef = 8BEDCE911E123CEA00943D13 /* spaceshipScene.swift */; };
/* End PBXBuildFile section */

/* Begin PBXFileReference section */
		8BEDCE721E121AA600943D13 /* spriteKitDemo.app */ = {isa = PBXFileReference; explicitFileType = wrapper.application; includeInIndex = 0; path = spriteKitDemo.app; sourceTree = BUILT_PRODUCTS_DIR; };
		8BEDCE751E121AA600943D13 /* AppDelegate.swift */ = {isa = PBXFileReference; lastKnownFileType = sourcecode.swift; path = AppDelegate.swift; sourceTree = "<group>"; };
		8BEDCE801E121AA600943D13 /* Base */ = {isa = PBXFileReference; lastKnownFileType = file.storyboard; name = Base; path = Base.lproj/Main.storyboard; sourceTree = "<group>"; };
		8BEDCE821E121AA600943D13 /* Assets.xcassets */ = {isa = PBXFileReference; lastKnownFileType = folder.assetcatalog; path = Assets.xcassets; sourceTree = "<group>"; };
		8BEDCE851E121AA600943D13 /* Base */ = {isa = PBXFileReference; lastKnownFileType = file.storyboard; name = Base; path = Base.lproj/LaunchScreen.storyboard; sourceTree = "<group>"; };
		8BEDCE871E121AA600943D13 /* Info.plist */ = {isa = PBXFileReference; lastKnownFileType = text.plist.xml; path = Info.plist; sourceTree = "<group>"; };
		8BEDCE8D1E121B5C00943D13 /* ZSViewController.swift */ = {isa = PBXFileReference; fileEncoding = 4; lastKnownFileType = sourcecode.swift; path = ZSViewController.swift; sourceTree = "<group>"; };
		8BEDCE8F1E121C6400943D13 /* ZSHelloscene.swift */ = {isa = PBXFileReference; fileEncoding = 4; lastKnownFileType = sourcecode.swift; path = ZSHelloscene.swift; sourceTree = "<group>"; };
		8BEDCE911E123CEA00943D13 /* spaceshipScene.swift */ = {isa = PBXFileReference; fileEncoding = 4; lastKnownFileType = sourcecode.swift; path = spaceshipScene.swift; sourceTree = "<group>"; };
/* End PBXFileReference section */

/* Begin PBXFrameworksBuildPhase section */
		8BEDCE6F1E121AA600943D13 /* Frameworks */ = {
			isa = PBXFrameworksBuildPhase;
			buildActionMask = 2147483647;
			files = (
			);
			runOnlyForDeploymentPostprocessing = 0;
		};
/* End PBXFrameworksBuildPhase section */

/* Begin PBXGroup section */
		8BEDCE691E121AA600943D13 = {
			isa = PBXGroup;
			children = (
				8BEDCE741E121AA600943D13 /* spriteKitDemo */,
				8BEDCE731E121AA600943D13 /* Products */,
			);
			sourceTree = "<group>";
		};
		8BEDCE731E121AA600943D13 /* Products */ = {
			isa = PBXGroup;
			children = (
				8BEDCE721E121AA600943D13 /* spriteKitDemo.app */,
			);
			name = Products;
			sourceTree = "<group>";
		};
		8BEDCE741E121AA600943D13 /* spriteKitDemo */ = {
			isa = PBXGroup;
			children = (
				8BEDCE751E121AA600943D13 /* AppDelegate.swift */,
				8BEDCE8D1E121B5C00943D13 /* ZSViewController.swift */,
				8BEDCE8F1E121C6400943D13 /* ZSHelloscene.swift */,
				8BEDCE911E123CEA00943D13 /* spaceshipScene.swift */,
				8BEDCE7F1E121AA600943D13 /* Main.storyboard */,
				8BEDCE821E121AA600943D13 /* Assets.xcassets */,
				8BEDCE841E121AA600943D13 /* LaunchScreen.storyboard */,
				8BEDCE871E121AA600943D13 /* Info.plist */,
			);
			path = spriteKitDemo;
			sourceTree = "<group>";
		};
/* End PBXGroup section */

/* Begin PBXNativeTarget section */
		8BEDCE711E121AA600943D13 /* spriteKitDemo */ = {
			isa = PBXNativeTarget;
			buildConfigurationList = 8BEDCE8A1E121AA600943D13 /* Build configuration list for PBXNativeTarget "spriteKitDemo" */;
			buildPhases = (
				8BEDCE6E1E121AA600943D13 /* Sources */,
				8BEDCE6F1E121AA600943D13 /* Frameworks */,
				8BEDCE701E121AA600943D13 /* Resources */,
			);
			buildRules = (
			);
			dependencies = (
			);
			name = spriteKitDemo;
			productName = spriteKitDemo;
			productReference = 8BEDCE721E121AA600943D13 /* spriteKitDemo.app */;
			productType = "com.apple.product-type.application";
		};
/* End PBXNativeTarget section */

/* Begin PBXProject section */
		8BEDCE6A1E121AA600943D13 /* Project object */ = {
			isa = PBXProject;
			attributes = {
				LastSwiftUpdateCheck = 0820;
				LastUpgradeCheck = 0820;
				ORGANIZATIONNAME = "紫贝壳";
				TargetAttributes = {
					8BEDCE711E121AA600943D13 = {
						CreatedOnToolsVersion = 8.2.1;
						DevelopmentTeam = 29WV9763CF;
						ProvisioningStyle = Automatic;
					};
				};
			};
			buildConfigurationList = 8BEDCE6D1E121AA600943D13 /* Build configuration list for PBXProject "spriteKitDemo" */;
			compatibilityVersion = "Xcode 3.2";
			developmentRegion = English;
			hasScannedForEncodings = 0;
			knownRegions = (
				en,
				Base,
			);
			mainGroup = 8BEDCE691E121AA600943D13;
			productRefGroup = 8BEDCE731E121AA600943D13 /* Products */;
			projectDirPath = "";
			projectRoot = "";
			targets = (
				8BEDCE711E121AA600943D13 /* spriteKitDemo */,
			);
		};
/* End PBXProject section */

/* Begin PBXResourcesBuildPhase section */
		8BEDCE701E121AA600943D13 /* Resources */ = {
			isa = PBXResourcesBuildPhase;
			buildActionMask = 2147483647;
			files = (
				8BEDCE811E121AA600943D13 /* Main.storyboard in Resources */,
				8BEDCE831E121AA600943D13 /* Assets.xcassets in Resources */,
				8BEDCE861E121AA600943D13 /* LaunchScreen.storyboard in Resources */,
			);
			runOnlyForDeploymentPostprocessing = 0;
		};
/* End PBXResourcesBuildPhase section */

/* Begin PBXSourcesBuildPhase section */
		8BEDCE6E1E121AA600943D13 /* Sources */ = {
			isa = PBXSourcesBuildPhase;
			buildActionMask = 2147483647;
			files = (
				8BEDCE901E121C6400943D13 /* ZSHelloscene.swift in Sources */,
				8BEDCE8E1E121B5C00943D13 /* ZSViewController.swift in Sources */,
				8BEDCE921E123CEA00943D13 /* spaceshipScene.swift in Sources */,
				8BEDCE761E121AA600943D13 /* AppDelegate.swift in Sources */,
			);
			runOnlyForDeploymentPostprocessing = 0;
		};
/* End PBXSourcesBuildPhase section */

/* Begin PBXVariantGroup section */
		8BEDCE7F1E121AA600943D13 /* Main.storyboard */ = {
			isa = PBXVariantGroup;
			children = (
				8BEDCE801E121AA600943D13 /* Base */,
			);
			name = Main.storyboard;
			sourceTree = "<group>";
		};
		8BEDCE841E121AA600943D13 /* LaunchScreen.storyboard */ = {
			isa = PBXVariantGroup;
			children = (
				8BEDCE851E121AA600943D13 /* Base */,
			);
			name = LaunchScreen.storyboard;
			sourceTree = "<group>";
		};
/* End PBXVariantGroup section */

/* Begin XCBuildConfiguration section */
		8BEDCE881E121AA600943D13 /* Debug */ = {
			isa = XCBuildConfiguration;
			buildSettings = {
				ALWAYS_SEARCH_USER_PATHS = NO;
				CLANG_ANALYZER_NONNULL = YES;
				CLANG_CXX_LANGUAGE_STANDARD = "gnu++0x";
				CLANG_CXX_LIBRARY = "libc++";
				CLANG_ENABLE_MODULES = YES;
				CLANG_ENABLE_OBJC_ARC = YES;
				CLANG_WARN_BOOL_CONVERSION = YES;
				CLANG_WARN_CONSTANT_CONVERSION = YES;
				CLANG_WARN_DIRECT_OBJC_ISA_USAGE = YES_ERROR;
				CLANG_WARN_DOCUMENTATION_COMMENTS = YES;
				CLANG_WARN_EMPTY_BODY = YES;
				CLANG_WARN_ENUM_CONVERSION = YES;
				CLANG_WARN_INFINITE_RECURSION = YES;
				CLANG_WARN_INT_CONVERSION = YES;
				CLANG_WARN_OBJC_ROOT_CLASS = YES_ERROR;
				CLANG_WARN_SUSPICIOUS_MOVE = YES;
				CLANG_WARN_UNREACHABLE_CODE = YES;
				CLANG_WARN__DUPLICATE_METHOD_MATCH = YES;
				"CODE_SIGN_IDENTITY[sdk=iphoneos*]" = "iPhone Developer";
				COPY_PHASE_STRIP = NO;
				DEBUG_INFORMATION_FORMAT = dwarf;
				ENABLE_STRICT_OBJC_MSGSEND = YES;
				ENABLE_TESTABILITY = YES;
				GCC_C_LANGUAGE_STANDARD = gnu99;
				GCC_DYNAMIC_NO_PIC = NO;
				GCC_NO_COMMON_BLOCKS = YES;
				GCC_OPTIMIZATION_LEVEL = 0;
				GCC_PREPROCESSOR_DEFINITIONS = (
					"DEBUG=1",
					"$(inherited)",
				);
				GCC_WARN_64_TO_32_BIT_CONVERSION = YES;
				GCC_WARN_ABOUT_RETURN_TYPE = YES_ERROR;
				GCC_WARN_UNDECLARED_SELECTOR = YES;
				GCC_WARN_UNINITIALIZED_AUTOS = YES_AGGRESSIVE;
				GCC_WARN_UNUSED_FUNCTION = YES;
				GCC_WARN_UNUSED_VARIABLE = YES;
				IPHONEOS_DEPLOYMENT_TARGET = 10.2;
				MTL_ENABLE_DEBUG_INFO = YES;
				ONLY_ACTIVE_ARCH = YES;
				SDKROOT = iphoneos;
				SWIFT_ACTIVE_COMPILATION_CONDITIONS = DEBUG;
				SWIFT_OPTIMIZATION_LEVEL = "-Onone";
			};
			name = Debug;
		};
		8BEDCE891E121AA600943D13 /* Release */ = {
			isa = XCBuildConfiguration;
			buildSettings = {
				ALWAYS_SEARCH_USER_PATHS = NO;
				CLANG_ANALYZER_NONNULL = YES;
				CLANG_CXX_LANGUAGE_STANDARD = "gnu++0x";
				CLANG_CXX_LIBRARY = "libc++";
				CLANG_ENABLE_MODULES = YES;
				CLANG_ENABLE_OBJC_ARC = YES;
				CLANG_WARN_BOOL_CONVERSION = YES;
				CLANG_WARN_CONSTANT_CONVERSION = YES;
				CLANG_WARN_DIRECT_OBJC_ISA_USAGE = YES_ERROR;
				CLANG_WARN_DOCUMENTATION_COMMENTS = YES;
				CLANG_WARN_EMPTY_BODY = YES;
				CLANG_WARN_ENUM_CONVERSION = YES;
				CLANG_WARN_INFINITE_RECURSION = YES;
				CLANG_WARN_INT_CONVERSION = YES;
				CLANG_WARN_OBJC_ROOT_CLASS = YES_ERROR;
				CLANG_WARN_SUSPICIOUS_MOVE = YES;
				CLANG_WARN_UNREACHABLE_CODE = YES;
				CLANG_WARN__DUPLICATE_METHOD_MATCH = YES;
				"CODE_SIGN_IDENTITY[sdk=iphoneos*]" = "iPhone Developer";
				COPY_PHASE_STRIP = NO;
				DEBUG_INFORMATION_FORMAT = "dwarf-with-dsym";
				ENABLE_NS_ASSERTIONS = NO;
				ENABLE_STRICT_OBJC_MSGSEND = YES;
				GCC_C_LANGUAGE_STANDARD = gnu99;
				GCC_NO_COMMON_BLOCKS = YES;
				GCC_WARN_64_TO_32_BIT_CONVERSION = YES;
				GCC_WARN_ABOUT_RETURN_TYPE = YES_ERROR;
				GCC_WARN_UNDECLARED_SELECTOR = YES;
				GCC_WARN_UNINITIALIZED_AUTOS = YES_AGGRESSIVE;
				GCC_WARN_UNUSED_FUNCTION = YES;
				GCC_WARN_UNUSED_VARIABLE = YES;
				IPHONEOS_DEPLOYMENT_TARGET = 10.2;
				MTL_ENABLE_DEBUG_INFO = NO;
				SDKROOT = iphoneos;
				SWIFT_OPTIMIZATION_LEVEL = "-Owholemodule";
				VALIDATE_PRODUCT = YES;
			};
			name = Release;
		};
		8BEDCE8B1E121AA600943D13 /* Debug */ = {
			isa = XCBuildConfiguration;
			buildSettings = {
				ASSETCATALOG_COMPILER_APPICON_NAME = AppIcon;
				DEVELOPMENT_TEAM = 29WV9763CF;
				INFOPLIST_FILE = spriteKitDemo/Info.plist;
				LD_RUNPATH_SEARCH_PATHS = "$(inherited) @executable_path/Frameworks";
				PRODUCT_BUNDLE_IDENTIFIER = com.zbk.spriteKitDemo;
				PRODUCT_NAME = "$(TARGET_NAME)";
				SWIFT_VERSION = 3.0;
			};
			name = Debug;
		};
		8BEDCE8C1E121AA600943D13 /* Release */ = {
			isa = XCBuildConfiguration;
			buildSettings = {
				ASSETCATALOG_COMPILER_APPICON_NAME = AppIcon;
				DEVELOPMENT_TEAM = 29WV9763CF;
				INFOPLIST_FILE = spriteKitDemo/Info.plist;
				LD_RUNPATH_SEARCH_PATHS = "$(inherited) @executable_path/Frameworks";
				PRODUCT_BUNDLE_IDENTIFIER = com.zbk.spriteKitDemo;
				PRODUCT_NAME = "$(TARGET_NAME)";
				SWIFT_VERSION = 3.0;
			};
			name = Release;
		};
/* End XCBuildConfiguration section */

/* Begin XCConfigurationList section */
		8BEDCE6D1E121AA600943D13 /* Build configuration list for PBXProject "spriteKitDemo" */ = {
			isa = XCConfigurationList;
			buildConfigurations = (
				8BEDCE881E121AA600943D13 /* Debug */,
				8BEDCE891E121AA600943D13 /* Release */,
			);
			defaultConfigurationIsVisible = 0;
			defaultConfigurationName = Release;
		};
		8BEDCE8A1E121AA600943D13 /* Build configuration list for PBXNativeTarget "spriteKitDemo" */ = {
			isa = XCConfigurationList;
			buildConfigurations = (
				8BEDCE8B1E121AA600943D13 /* Debug */,
				8BEDCE8C1E121AA600943D13 /* Release */,
			);
			defaultConfigurationIsVisible = 0;
			defaultConfigurationName = Release;
		};
/* End XCConfigurationList section */
	};
	rootObject = 8BEDCE6A1E121AA600943D13 /* Project object */;
}
